
Microsoft Visual Studio Solution File, Format Version 12.00
# Visual Studio Version 17
VisualStudioVersion = 17.0.31903.59
MinimumVisualStudioVersion = 10.0.40219.1
Project("{2150E333-8FDC-42A3-9474-1A3956D46DE8}") = "src", "src", "{878AB3CD-A382-466F-9481-E8D9C9B1F700}"
EndProject
Project("{9A19103F-16F7-4668-BE54-9A1E7A4F7556}") = "Meetup.Api", "src\Meetup.Api\Meetup.Api.csproj", "{0A007F1F-90FA-4708-8CB4-D931F685B9AA}"
EndProject
Project("{9A19103F-16F7-4668-BE54-9A1E7A4F7556}") = "Meetup.BusinessLayer", "src\Meetup.BusinessLayer\Meetup.BusinessLayer.csproj", "{58B5EB9C-0EAB-4632-B152-1426548C53DF}"
EndProject
Project("{9A19103F-16F7-4668-BE54-9A1E7A4F7556}") = "Meetup.DataLayer", "src\Meetup.DataLayer\Meetup.DataLayer.csproj", "{6E3E643E-EC5F-42CF-A0BD-9339A911B4FA}"
EndProject
Global
	GlobalSection(SolutionConfigurationPlatforms) = preSolution
		Debug|Any CPU = Debug|Any CPU
		Release|Any CPU = Release|Any CPU
	EndGlobalSection
	GlobalSection(ProjectConfigurationPlatforms) = postSolution
		{0A007F1F-90FA-4708-8CB4-D931F685B9AA}.Debug|Any CPU.ActiveCfg = Debug|Any CPU
		{0A007F1F-90FA-4708-8CB4-D931F685B9AA}.Debug|Any CPU.Build.0 = Debug|Any CPU
		{0A007F1F-90FA-4708-8CB4-D931F685B9AA}.Release|Any CPU.ActiveCfg = Release|Any CPU
		{0A007F1F-90FA-4708-8CB4-D931F685B9AA}.Release|Any CPU.Build.0 = Release|Any CPU
		{58B5EB9C-0EAB-4632-B152-1426548C53DF}.Debug|Any CPU.ActiveCfg = Debug|Any CPU
		{58B5EB9C-0EAB-4632-B152-1426548C53DF}.Debug|Any CPU.Build.0 = Debug|Any CPU
		{58B5EB9C-0EAB-4632-B152-1426548C53DF}.Release|Any CPU.ActiveCfg = Release|Any CPU
		{58B5EB9C-0EAB-4632-B152-1426548C53DF}.Release|Any CPU.Build.0 = Release|Any CPU
		{6E3E643E-EC5F-42CF-A0BD-9339A911B4FA}.Debug|Any CPU.ActiveCfg = Debug|Any CPU
		{6E3E643E-EC5F-42CF-A0BD-9339A911B4FA}.Debug|Any CPU.Build.0 = Debug|Any CPU
		{6E3E643E-EC5F-42CF-A0BD-9339A911B4FA}.Release|Any CPU.ActiveCfg = Release|Any CPU
		{6E3E643E-EC5F-42CF-A0BD-9339A911B4FA}.Release|Any CPU.Build.0 = Release|Any CPU
	EndGlobalSection
	GlobalSection(SolutionProperties) = preSolution
		HideSolutionNode = FALSE
	EndGlobalSection
	GlobalSection(NestedProjects) = preSolution
		{0A007F1F-90FA-4708-8CB4-D931F685B9AA} = {878AB3CD-A382-466F-9481-E8D9C9B1F700}
		{58B5EB9C-0EAB-4632-B152-1426548C53DF} = {878AB3CD-A382-466F-9481-E8D9C9B1F700}
		{6E3E643E-EC5F-42CF-A0BD-9339A911B4FA} = {878AB3CD-A382-466F-9481-E8D9C9B1F700}
	EndGlobalSection
	GlobalSection(ExtensibilityGlobals) = postSolution
		SolutionGuid = {87801FB3-38F5-4958-A024-483BBCC1BDEE}
	EndGlobalSection
EndGlobal
